# This file is automatically @generated by Cargo.
# It is not intended for manual editing.
version = 4

[[package]]
name = "polygl-adapter-api"
version = "0.0.0"

[[package]]
name = "polygl-adapter-perl"
version = "0.0.0"

[[package]]
name = "polygl-adapter-php"
version = "0.0.0"

[[package]]
name = "polygl-adapter-ruby"
version = "0.0.0"

[[package]]
name = "polygl-backend-glsl"
version = "0.0.0"

[[package]]
name = "polygl-backend-js"
version = "0.0.0"

[[package]]
name = "polygl-cli"
version = "0.0.0"

[[package]]
name = "polygl-core"
version = "0.0.0"

[[package]]
name = "polygl-hir"
version = "0.0.0"

[[package]]
name = "polygl-lir"
version = "0.0.0"

[[package]]
name = "polygl-span"
version = "0.0.0"

[[package]]
name = "polygl-types"
version = "0.0.0"

[[package]]
name = "xtask"
version = "0.0.0"
